PODS:
  - AFNetworking (2.6.3):
    - AFNetworking/NSURLConnection (= 2.6.3)
    - AFNetworking/NSURLSession (= 2.6.3)
    - AFNetworking/Reachability (= 2.6.3)
    - AFNetworking/Security (= 2.6.3)
    - AFNetworking/Serialization (= 2.6.3)
    - AFNetworking/UIKit (= 2.6.3)
  - AFNetworking/NSURLConnection (2.6.3):
    - AFNetworking/Reachability
    - AFNetworking/Security
    - AFNetworking/Serialization
  - AFNetworking/NSURLSession (2.6.3):
    - AFNetworking/Reachability
    - AFNetworking/Security
    - AFNetworking/Serialization
  - AFNetworking/Reachability (2.6.3)
  - AFNetworking/Security (2.6.3)
  - AFNetworking/Serialization (2.6.3)
  - AFNetworking/UIKit (2.6.3):
    - AFNetworking/NSURLConnection
    - AFNetworking/NSURLSession
  - CocoaLumberjack (2.3.0):
    - CocoaLumberjack/Default (= 2.3.0)
    - CocoaLumberjack/Extensions (= 2.3.0)
  - CocoaLumberjack/Core (2.3.0)
  - CocoaLumberjack/Default (2.3.0):
    - CocoaLumberjack/Core
  - CocoaLumberjack/Extensions (2.3.0):
    - CocoaLumberjack/Default
  - DHSmartScreenshot (1.3.1)
  - MLKit (0.0.3):
    - AFNetworking (~> 2.6.3)
    - CocoaLumberjack (~> 2.3.0)
    - DHSmartScreenshot (~> 1.3.1)
    - MLLayout (~> 0.2.2)
    - MLPersonalModel (~> 11.0.4)
    - MLRefreshControl (~> 0.1.0)
    - SAMKeychain (~> 1.5.0)
    - YYCache (~> 1.0.3)
  - MLLayout (0.2.2)
  - MLPersonalModel (11.0.4)
  - MLRefreshControl (0.1.0)
  - SAMKeychain (1.5.0)
  - YYCache (1.0.3)

DEPENDENCIES:
  - MLKit (from `../MLKit.podspec`)

EXTERNAL SOURCES:
  MLKit:
    :path: ../MLKit.podspec

SPEC CHECKSUMS:
  AFNetworking: cb8d14a848e831097108418f5d49217339d4eb60
  CocoaLumberjack: 97fab7ee5f507fe54445cca7ea80f926729cfd15
  DHSmartScreenshot: ee749048bd7126c4826748f98df3a4adc6ad6c78
  MLKit: 34af0a77bf767d53dbc23aad16ffe74914b80202
  MLLayout: c260fbc7e77f9ac31ac225b63a4ca0db5c0a62d9
  MLPersonalModel: aa34b7c549f1e74995ee88ca95fef36f87427b9d
  MLRefreshControl: fbb3ea9049031c2b5302de764d3ba6aae222efd0
  SAMKeychain: 1fc9ae02f576365395758b12888c84704eebc423
  YYCache: 282f35b5b0990833d0b7a06d864a87141a021da2

PODFILE CHECKSUM: 8e76eb85e6012ab4c50461461c708077003b7bdb

COCOAPODS: 1.0.1
